// !$*UTF8*$!
{
	archiveVersion = 1;
	classes = {
	};
	objectVersion = 50;
	objects = {

/* Begin PBXBuildFile section */
		BCA4D3D524309BF1008DE07A /* Location.swift in Sources */ = {isa = PBXBuildFile; fileRef = BCA4D3D424309BF1008DE07A /* Location.swift */; };
		BCD4D95B242B1AB700A56041 /* AppDelegate.swift in Sources */ = {isa = PBXBuildFile; fileRef = BCD4D95A242B1AB700A56041 /* AppDelegate.swift */; };
		BCD4D95D242B1AB700A56041 /* SceneDelegate.swift in Sources */ = {isa = PBXBuildFile; fileRef = BCD4D95C242B1AB700A56041 /* SceneDelegate.swift */; };
		BCD4D95F242B1AB700A56041 /* ContentView.swift in Sources */ = {isa = PBXBuildFile; fileRef = BCD4D95E242B1AB700A56041 /* ContentView.swift */; };
		BCD4D961242B1AB900A56041 /* Assets.xcassets in Resources */ = {isa = PBXBuildFile; fileRef = BCD4D960242B1AB900A56041 /* Assets.xcassets */; };
		BCD4D964242B1AB900A56041 /* Preview Assets.xcassets in Resources */ = {isa = PBXBuildFile; fileRef = BCD4D963242B1AB900A56041 /* Preview Assets.xcassets */; };
		BCD4D967242B1AB900A56041 /* LaunchScreen.storyboard in Resources */ = {isa = PBXBuildFile; fileRef = BCD4D965242B1AB900A56041 /* LaunchScreen.storyboard */; };
		BCD4D972242B1AB900A56041 /* SelfIsolateTests.swift in Sources */ = {isa = PBXBuildFile; fileRef = BCD4D971242B1AB900A56041 /* SelfIsolateTests.swift */; };
		BCD4D97D242B201A00A56041 /* LoadingSpinner.swift in Sources */ = {isa = PBXBuildFile; fileRef = BCD4D97C242B201A00A56041 /* LoadingSpinner.swift */; };
		BCD4D983242B281B00A56041 /* MapView.swift in Sources */ = {isa = PBXBuildFile; fileRef = BCD4D982242B281B00A56041 /* MapView.swift */; };
		BCD4D98A242B2D4100A56041 /* LocationViewModel.swift in Sources */ = {isa = PBXBuildFile; fileRef = BCD4D989242B2D4100A56041 /* LocationViewModel.swift */; };
/* End PBXBuildFile section */

/* Begin PBXContainerItemProxy section */
		BCD4D96E242B1AB900A56041 /* PBXContainerItemProxy */ = {
			isa = PBXContainerItemProxy;
			containerPortal = BCD4D94F242B1AB600A56041 /* Project object */;
			proxyType = 1;
			remoteGlobalIDString = BCD4D956242B1AB600A56041;
			remoteInfo = SelfIsolate;
		};
/* End PBXContainerItemProxy section */

/* Begin PBXFileReference section */
		BCA4D3D424309BF1008DE07A /* Location.swift */ = {isa = PBXFileReference; lastKnownFileType = sourcecode.swift; path = Location.swift; sourceTree = "<group>"; };
		BCD4D957242B1AB700A56041 /* SelfIsolate.app */ = {isa = PBXFileReference; explicitFileType = wrapper.application; includeInIndex = 0; path = SelfIsolate.app; sourceTree = BUILT_PRODUCTS_DIR; };
		BCD4D95A242B1AB700A56041 /* AppDelegate.swift */ = {isa = PBXFileReference; lastKnownFileType = sourcecode.swift; path = AppDelegate.swift; sourceTree = "<group>"; };
		BCD4D95C242B1AB700A56041 /* SceneDelegate.swift */ = {isa = PBXFileReference; lastKnownFileType = sourcecode.swift; path = SceneDelegate.swift; sourceTree = "<group>"; };
		BCD4D95E242B1AB700A56041 /* ContentView.swift */ = {isa = PBXFileReference; lastKnownFileType = sourcecode.swift; path = ContentView.swift; sourceTree = "<group>"; };
		BCD4D960242B1AB900A56041 /* Assets.xcassets */ = {isa = PBXFileReference; lastKnownFileType = folder.assetcatalog; path = Assets.xcassets; sourceTree = "<group>"; };
		BCD4D963242B1AB900A56041 /* Preview Assets.xcassets */ = {isa = PBXFileReference; lastKnownFileType = folder.assetcatalog; path = "Preview Assets.xcassets"; sourceTree = "<group>"; };
		BCD4D966242B1AB900A56041 /* Base */ = {isa = PBXFileReference; lastKnownFileType = file.storyboard; name = Base; path = Base.lproj/LaunchScreen.storyboard; sourceTree = "<group>"; };
		BCD4D968242B1AB900A56041 /* Info.plist */ = {isa = PBXFileReference; lastKnownFileType = text.plist.xml; path = Info.plist; sourceTree = "<group>"; };
		BCD4D96D242B1AB900A56041 /* SelfIsolateTests.xctest */ = {isa = PBXFileReference; explicitFileType = wrapper.cfbundle; includeInIndex = 0; path = SelfIsolateTests.xctest; sourceTree = BUILT_PRODUCTS_DIR; };
		BCD4D971242B1AB900A56041 /* SelfIsolateTests.swift */ = {isa = PBXFileReference; lastKnownFileType = sourcecode.swift; path = SelfIsolateTests.swift; sourceTree = "<group>"; };
		BCD4D973242B1AB900A56041 /* Info.plist */ = {isa = PBXFileReference; lastKnownFileType = text.plist.xml; path = Info.plist; sourceTree = "<group>"; };
		BCD4D97C242B201A00A56041 /* LoadingSpinner.swift */ = {isa = PBXFileReference; lastKnownFileType = sourcecode.swift; path = LoadingSpinner.swift; sourceTree = "<group>"; };
		BCD4D982242B281B00A56041 /* MapView.swift */ = {isa = PBXFileReference; lastKnownFileType = sourcecode.swift; path = MapView.swift; sourceTree = "<group>"; };
		BCD4D989242B2D4100A56041 /* LocationViewModel.swift */ = {isa = PBXFileReference; lastKnownFileType = sourcecode.swift; path = LocationViewModel.swift; sourceTree = "<group>"; };
/* End PBXFileReference section */

/* Begin PBXFrameworksBuildPhase section */
		BCD4D954242B1AB600A56041 /* Frameworks */ = {
			isa = PBXFrameworksBuildPhase;
			buildActionMask = 2147483647;
			files = (
			);
			runOnlyForDeploymentPostprocessing = 0;
		};
		BCD4D96A242B1AB900A56041 /* Frameworks */ = {
			isa = PBXFrameworksBuildPhase;
			buildActionMask = 2147483647;
			files = (
			);
			runOnlyForDeploymentPostprocessing = 0;
		};
/* End PBXFrameworksBuildPhase section */

/* Begin PBXGroup section */
		BCD4D94E242B1AB600A56041 = {
			isa = PBXGroup;
			children = (
				BCD4D959242B1AB700A56041 /* SelfIsolate */,
				BCD4D970242B1AB900A56041 /* SelfIsolateTests */,
				BCD4D958242B1AB700A56041 /* Products */,
			);
			sourceTree = "<group>";
		};
		BCD4D958242B1AB700A56041 /* Products */ = {
			isa = PBXGroup;
			children = (
				BCD4D957242B1AB700A56041 /* SelfIsolate.app */,
				BCD4D96D242B1AB900A56041 /* SelfIsolateTests.xctest */,
			);
			name = Products;
			sourceTree = "<group>";
		};
		BCD4D959242B1AB700A56041 /* SelfIsolate */ = {
			isa = PBXGroup;
			children = (
				BCD4D97E242B203E00A56041 /* Views */,
				BCD4D988242B2D3400A56041 /* Models */,
				BCD4D97F242B204C00A56041 /* Supporting Files */,
				BCD4D960242B1AB900A56041 /* Assets.xcassets */,
				BCD4D968242B1AB900A56041 /* Info.plist */,
				BCD4D962242B1AB900A56041 /* Preview Content */,
			);
			path = SelfIsolate;
			sourceTree = "<group>";
		};
		BCD4D962242B1AB900A56041 /* Preview Content */ = {
			isa = PBXGroup;
			children = (
				BCD4D963242B1AB900A56041 /* Preview Assets.xcassets */,
			);
			path = "Preview Content";
			sourceTree = "<group>";
		};
		BCD4D970242B1AB900A56041 /* SelfIsolateTests */ = {
			isa = PBXGroup;
			children = (
				BCD4D971242B1AB900A56041 /* SelfIsolateTests.swift */,
				BCD4D973242B1AB900A56041 /* Info.plist */,
			);
			path = SelfIsolateTests;
			sourceTree = "<group>";
		};
		BCD4D97E242B203E00A56041 /* Views */ = {
			isa = PBXGroup;
			children = (
				BCD4D97C242B201A00A56041 /* LoadingSpinner.swift */,
				BCD4D95E242B1AB700A56041 /* ContentView.swift */,
				BCD4D982242B281B00A56041 /* MapView.swift */,
			);
			path = Views;
			sourceTree = "<group>";
		};
		BCD4D97F242B204C00A56041 /* Supporting Files */ = {
			isa = PBXGroup;
			children = (
				BCD4D965242B1AB900A56041 /* LaunchScreen.storyboard */,
				BCD4D95A242B1AB700A56041 /* AppDelegate.swift */,
				BCD4D95C242B1AB700A56041 /* SceneDelegate.swift */,
			);
			path = "Supporting Files";
			sourceTree = "<group>";
		};
		BCD4D988242B2D3400A56041 /* Models */ = {
			isa = PBXGroup;
			children = (
				BCD4D989242B2D4100A56041 /* LocationViewModel.swift */,
				BCA4D3D424309BF1008DE07A /* Location.swift */,
			);
			path = Models;
			sourceTree = "<group>";
		};
/* End PBXGroup section */

/* Begin PBXNativeTarget section */
		BCD4D956242B1AB600A56041 /* SelfIsolate */ = {
			isa = PBXNativeTarget;
			buildConfigurationList = BCD4D976242B1AB900A56041 /* Build configuration list for PBXNativeTarget "SelfIsolate" */;
			buildPhases = (
				BCD4D953242B1AB600A56041 /* Sources */,
				BCD4D954242B1AB600A56041 /* Frameworks */,
				BCD4D955242B1AB600A56041 /* Resources */,
			);
			buildRules = (
			);
			dependencies = (
			);
			name = SelfIsolate;
			productName = SelfIsolate;
			productReference = BCD4D957242B1AB700A56041 /* SelfIsolate.app */;
			productType = "com.apple.product-type.application";
		};
		BCD4D96C242B1AB900A56041 /* SelfIsolateTests */ = {
			isa = PBXNativeTarget;
			buildConfigurationList = BCD4D979242B1AB900A56041 /* Build configuration list for PBXNativeTarget "SelfIsolateTests" */;
			buildPhases = (
				BCD4D969242B1AB900A56041 /* Sources */,
				BCD4D96A242B1AB900A56041 /* Frameworks */,
				BCD4D96B242B1AB900A56041 /* Resources */,
			);
			buildRules = (
			);
			dependencies = (
				BCD4D96F242B1AB900A56041 /* PBXTargetDependency */,
			);
			name = SelfIsolateTests;
			productName = SelfIsolateTests;
			productReference = BCD4D96D242B1AB900A56041 /* SelfIsolateTests.xctest */;
			productType = "com.apple.product-type.bundle.unit-test";
		};
/* End PBXNativeTarget section */

/* Begin PBXProject section */
		BCD4D94F242B1AB600A56041 /* Project object */ = {
			isa = PBXProject;
			attributes = {
				LastSwiftUpdateCheck = 1120;
				LastUpgradeCheck = 1120;
				ORGANIZATIONNAME = "Jack Tudor";
				TargetAttributes = {
					BCD4D956242B1AB600A56041 = {
						CreatedOnToolsVersion = 11.2.1;
					};
					BCD4D96C242B1AB900A56041 = {
						CreatedOnToolsVersion = 11.2.1;
						TestTargetID = BCD4D956242B1AB600A56041;
					};
				};
			};
			buildConfigurationList = BCD4D952242B1AB600A56041 /* Build configuration list for PBXProject "SelfIsolate" */;
			compatibilityVersion = "Xcode 9.3";
			developmentRegion = en;
			hasScannedForEncodings = 0;
			knownRegions = (
				en,
				Base,
			);
			mainGroup = BCD4D94E242B1AB600A56041;
			productRefGroup = BCD4D958242B1AB700A56041 /* Products */;
			projectDirPath = "";
			projectRoot = "";
			targets = (
				BCD4D956242B1AB600A56041 /* SelfIsolate */,
				BCD4D96C242B1AB900A56041 /* SelfIsolateTests */,
			);
		};
/* End PBXProject section */

/* Begin PBXResourcesBuildPhase section */
		BCD4D955242B1AB600A56041 /* Resources */ = {
			isa = PBXResourcesBuildPhase;
			buildActionMask = 2147483647;
			files = (
				BCD4D967242B1AB900A56041 /* LaunchScreen.storyboard in Resources */,
				BCD4D964242B1AB900A56041 /* Preview Assets.xcassets in Resources */,
				BCD4D961242B1AB900A56041 /* Assets.xcassets in Resources */,
			);
			runOnlyForDeploymentPostprocessing = 0;
		};
		BCD4D96B242B1AB900A56041 /* Resources */ = {
			isa = PBXResourcesBuildPhase;
			buildActionMask = 2147483647;
			files = (
			);
			runOnlyForDeploymentPostprocessing = 0;
		};
/* End PBXResourcesBuildPhase section */

/* Begin PBXSourcesBuildPhase section */
		BCD4D953242B1AB600A56041 /* Sources */ = {
			isa = PBXSourcesBuildPhase;
			buildActionMask = 2147483647;
			files = (
				BCD4D97D242B201A00A56041 /* LoadingSpinner.swift in Sources */,
				BCA4D3D524309BF1008DE07A /* Location.swift in Sources */,
				BCD4D95B242B1AB700A56041 /* AppDelegate.swift in Sources */,
				BCD4D983242B281B00A56041 /* MapView.swift in Sources */,
				BCD4D95D242B1AB700A56041 /* SceneDelegate.swift in Sources */,
				BCD4D98A242B2D4100A56041 /* LocationViewModel.swift in Sources */,
				BCD4D95F242B1AB700A56041 /* ContentView.swift in Sources */,
			);
			runOnlyForDeploymentPostprocessing = 0;
		};
		BCD4D969242B1AB900A56041 /* Sources */ = {
			isa = PBXSourcesBuildPhase;
			buildActionMask = 2147483647;
			files = (
				BCD4D972242B1AB900A56041 /* SelfIsolateTests.swift in Sources */,
			);
			runOnlyForDeploymentPostprocessing = 0;
		};
/* End PBXSourcesBuildPhase section */

/* Begin PBXTargetDependency section */
		BCD4D96F242B1AB900A56041 /* PBXTargetDependency */ = {
			isa = PBXTargetDependency;
			target = BCD4D956242B1AB600A56041 /* SelfIsolate */;
			targetProxy = BCD4D96E242B1AB900A56041 /* PBXContainerItemProxy */;
		};
/* End PBXTargetDependency section */

/* Begin PBXVariantGroup section */
		BCD4D965242B1AB900A56041 /* LaunchScreen.storyboard */ = {
			isa = PBXVariantGroup;
			children = (
				BCD4D966242B1AB900A56041 /* Base */,
			);
			name = LaunchScreen.storyboard;
			sourceTree = "<group>";
		};
/* End PBXVariantGroup section */

/* Begin XCBuildConfiguration section */
		BCD4D974242B1AB900A56041 /* Debug */ = {
			isa = XCBuildConfiguration;
			buildSettings = {
				ALWAYS_SEARCH_USER_PATHS = NO;
				CLANG_ANALYZER_NONNULL = YES;
				CLANG_ANALYZER_NUMBER_OBJECT_CONVERSION = YES_AGGRESSIVE;
				CLANG_CXX_LANGUAGE_STANDARD = "gnu++14";
				CLANG_CXX_LIBRARY = "libc++";
				CLANG_ENABLE_MODULES = YES;
				CLANG_ENABLE_OBJC_ARC = YES;
				CLANG_ENABLE_OBJC_WEAK = YES;
				CLANG_WARN_BLOCK_CAPTURE_AUTORELEASING = YES;
				CLANG_WARN_BOOL_CONVERSION = YES;
				CLANG_WARN_COMMA = YES;
				CLANG_WARN_CONSTANT_CONVERSION = YES;
				CLANG_WARN_DEPRECATED_OBJC_IMPLEMENTATIONS = YES;
				CLANG_WARN_DIRECT_OBJC_ISA_USAGE = YES_ERROR;
				CLANG_WARN_DOCUMENTATION_COMMENTS = YES;
				CLANG_WARN_EMPTY_BODY = YES;
				CLANG_WARN_ENUM_CONVERSION = YES;
				CLANG_WARN_INFINITE_RECURSION = YES;
				CLANG_WARN_INT_CONVERSION = YES;
				CLANG_WARN_NON_LITERAL_NULL_CONVERSION = YES;
				CLANG_WARN_OBJC_IMPLICIT_RETAIN_SELF = YES;
				CLANG_WARN_OBJC_LITERAL_CONVERSION = YES;
				CLANG_WARN_OBJC_ROOT_CLASS = YES_ERROR;
				CLANG_WARN_RANGE_LOOP_ANALYSIS = YES;
				CLANG_WARN_STRICT_PROTOTYPES = YES;
				CLANG_WARN_SUSPICIOUS_MOVE = YES;
				CLANG_WARN_UNGUARDED_AVAILABILITY = YES_AGGRESSIVE;
				CLANG_WARN_UNREACHABLE_CODE = YES;
				CLANG_WARN__DUPLICATE_METHOD_MATCH = YES;
				COPY_PHASE_STRIP = NO;
				DEBUG_INFORMATION_FORMAT = dwarf;
				ENABLE_STRICT_OBJC_MSGSEND = YES;
				ENABLE_TESTABILITY = YES;
				GCC_C_LANGUAGE_STANDARD = gnu11;
				GCC_DYNAMIC_NO_PIC = NO;
				GCC_NO_COMMON_BLOCKS = YES;
				GCC_OPTIMIZATION_LEVEL = 0;
				GCC_PREPROCESSOR_DEFINITIONS = (
					"DEBUG=1",
					"$(inherited)",
				);
				GCC_WARN_64_TO_32_BIT_CONVERSION = YES;
				GCC_WARN_ABOUT_RETURN_TYPE = YES_ERROR;
				GCC_WARN_UNDECLARED_SELECTOR = YES;
				GCC_WARN_UNINITIALIZED_AUTOS = YES_AGGRESSIVE;
				GCC_WARN_UNUSED_FUNCTION = YES;
				GCC_WARN_UNUSED_VARIABLE = YES;
				IPHONEOS_DEPLOYMENT_TARGET = 13.2;
				MTL_ENABLE_DEBUG_INFO = INCLUDE_SOURCE;
				MTL_FAST_MATH = YES;
				ONLY_ACTIVE_ARCH = YES;
				SDKROOT = iphoneos;
				SWIFT_ACTIVE_COMPILATION_CONDITIONS = DEBUG;
				SWIFT_OPTIMIZATION_LEVEL = "-Onone";
			};
			name = Debug;
		};
		BCD4D975242B1AB900A56041 /* Release */ = {
			isa = XCBuildConfiguration;
			buildSettings = {
				ALWAYS_SEARCH_USER_PATHS = NO;
				CLANG_ANALYZER_NONNULL = YES;
				CLANG_ANALYZER_NUMBER_OBJECT_CONVERSION = YES_AGGRESSIVE;
				CLANG_CXX_LANGUAGE_STANDARD = "gnu++14";
				CLANG_CXX_LIBRARY = "libc++";
				CLANG_ENABLE_MODULES = YES;
				CLANG_ENABLE_OBJC_ARC = YES;
				CLANG_ENABLE_OBJC_WEAK = YES;
				CLANG_WARN_BLOCK_CAPTURE_AUTORELEASING = YES;
				CLANG_WARN_BOOL_CONVERSION = YES;
				CLANG_WARN_COMMA = YES;
				CLANG_WARN_CONSTANT_CONVERSION = YES;
				CLANG_WARN_DEPRECATED_OBJC_IMPLEMENTATIONS = YES;
				CLANG_WARN_DIRECT_OBJC_ISA_USAGE = YES_ERROR;
				CLANG_WARN_DOCUMENTATION_COMMENTS = YES;
				CLANG_WARN_EMPTY_BODY = YES;
				CLANG_WARN_ENUM_CONVERSION = YES;
				CLANG_WARN_INFINITE_RECURSION = YES;
				CLANG_WARN_INT_CONVERSION = YES;
				CLANG_WARN_NON_LITERAL_NULL_CONVERSION = YES;
				CLANG_WARN_OBJC_IMPLICIT_RETAIN_SELF = YES;
				CLANG_WARN_OBJC_LITERAL_CONVERSION = YES;
				CLANG_WARN_OBJC_ROOT_CLASS = YES_ERROR;
				CLANG_WARN_RANGE_LOOP_ANALYSIS = YES;
				CLANG_WARN_STRICT_PROTOTYPES = YES;
				CLANG_WARN_SUSPICIOUS_MOVE = YES;
				CLANG_WARN_UNGUARDED_AVAILABILITY = YES_AGGRESSIVE;
				CLANG_WARN_UNREACHABLE_CODE = YES;
				CLANG_WARN__DUPLICATE_METHOD_MATCH = YES;
				COPY_PHASE_STRIP = NO;
				DEBUG_INFORMATION_FORMAT = "dwarf-with-dsym";
				ENABLE_NS_ASSERTIONS = NO;
				ENABLE_STRICT_OBJC_MSGSEND = YES;
				GCC_C_LANGUAGE_STANDARD = gnu11;
				GCC_NO_COMMON_BLOCKS = YES;
				GCC_WARN_64_TO_32_BIT_CONVERSION = YES;
				GCC_WARN_ABOUT_RETURN_TYPE = YES_ERROR;
				GCC_WARN_UNDECLARED_SELECTOR = YES;
				GCC_WARN_UNINITIALIZED_AUTOS = YES_AGGRESSIVE;
				GCC_WARN_UNUSED_FUNCTION = YES;
				GCC_WARN_UNUSED_VARIABLE = YES;
				IPHONEOS_DEPLOYMENT_TARGET = 13.2;
				MTL_ENABLE_DEBUG_INFO = NO;
				MTL_FAST_MATH = YES;
				SDKROOT = iphoneos;
				SWIFT_COMPILATION_MODE = wholemodule;
				SWIFT_OPTIMIZATION_LEVEL = "-O";
				VALIDATE_PRODUCT = YES;
			};
			name = Release;
		};
		BCD4D977242B1AB900A56041 /* Debug */ = {
			isa = XCBuildConfiguration;
			buildSettings = {
				ASSETCATALOG_COMPILER_APPICON_NAME = AppIcon;
				CODE_SIGN_STYLE = Automatic;
				DEVELOPMENT_ASSET_PATHS = "\"SelfIsolate/Preview Content\"";
				DEVELOPMENT_TEAM = H2B8SKE378;
				ENABLE_PREVIEWS = YES;
				INFOPLIST_FILE = SelfIsolate/Info.plist;
				LD_RUNPATH_SEARCH_PATHS = (
					"$(inherited)",
					"@executable_path/Frameworks",
				);
				PRODUCT_BUNDLE_IDENTIFIER = Tudor.SelfIsolate;
				PRODUCT_NAME = "$(TARGET_NAME)";
				SWIFT_VERSION = 5.0;
				TARGETED_DEVICE_FAMILY = "1,2";
			};
			name = Debug;
		};
		BCD4D978242B1AB900A56041 /* Release */ = {
			isa = XCBuildConfiguration;
			buildSettings = {
				ASSETCATALOG_COMPILER_APPICON_NAME = AppIcon;
				CODE_SIGN_STYLE = Automatic;
				DEVELOPMENT_ASSET_PATHS = "\"SelfIsolate/Preview Content\"";
				DEVELOPMENT_TEAM = H2B8SKE378;
				ENABLE_PREVIEWS = YES;
				INFOPLIST_FILE = SelfIsolate/Info.plist;
				LD_RUNPATH_SEARCH_PATHS = (
					"$(inherited)",
					"@executable_path/Frameworks",
				);
				PRODUCT_BUNDLE_IDENTIFIER = Tudor.SelfIsolate;
				PRODUCT_NAME = "$(TARGET_NAME)";
				SWIFT_VERSION = 5.0;
				TARGETED_DEVICE_FAMILY = "1,2";
			};
			name = Release;
		};
		BCD4D97A242B1AB900A56041 /* Debug */ = {
			isa = XCBuildConfiguration;
			buildSettings = {
				ALWAYS_EMBED_SWIFT_STANDARD_LIBRARIES = YES;
				BUNDLE_LOADER = "$(TEST_HOST)";
				CODE_SIGN_STYLE = Automatic;
				DEVELOPMENT_TEAM = H2B8SKE378;
				INFOPLIST_FILE = SelfIsolateTests/Info.plist;
				IPHONEOS_DEPLOYMENT_TARGET = 13.2;
				LD_RUNPATH_SEARCH_PATHS = (
					"$(inherited)",
					"@executable_path/Frameworks",
					"@loader_path/Frameworks",
				);
				PRODUCT_BUNDLE_IDENTIFIER = Tudor.SelfIsolateTests;
				PRODUCT_NAME = "$(TARGET_NAME)";
				SWIFT_VERSION = 5.0;
				TARGETED_DEVICE_FAMILY = "1,2";
				TEST_HOST = "$(BUILT_PRODUCTS_DIR)/SelfIsolate.app/SelfIsolate";
			};
			name = Debug;
		};
		BCD4D97B242B1AB900A56041 /* Release */ = {
			isa = XCBuildConfiguration;
			buildSettings = {
				ALWAYS_EMBED_SWIFT_STANDARD_LIBRARIES = YES;
				BUNDLE_LOADER = "$(TEST_HOST)";
				CODE_SIGN_STYLE = Automatic;
				DEVELOPMENT_TEAM = H2B8SKE378;
				INFOPLIST_FILE = SelfIsolateTests/Info.plist;
				IPHONEOS_DEPLOYMENT_TARGET = 13.2;
				LD_RUNPATH_SEARCH_PATHS = (
					"$(inherited)",
					"@executable_path/Frameworks",
					"@loader_path/Frameworks",
				);
				PRODUCT_BUNDLE_IDENTIFIER = Tudor.SelfIsolateTests;
				PRODUCT_NAME = "$(TARGET_NAME)";
				SWIFT_VERSION = 5.0;
				TARGETED_DEVICE_FAMILY = "1,2";
				TEST_HOST = "$(BUILT_PRODUCTS_DIR)/SelfIsolate.app/SelfIsolate";
			};
			name = Release;
		};
/* End XCBuildConfiguration section */

/* Begin XCConfigurationList section */
		BCD4D952242B1AB600A56041 /* Build configuration list for PBXProject "SelfIsolate" */ = {
			isa = XCConfigurationList;
			buildConfigurations = (
				BCD4D974242B1AB900A56041 /* Debug */,
				BCD4D975242B1AB900A56041 /* Release */,
			);
			defaultConfigurationIsVisible = 0;
			defaultConfigurationName = Release;
		};
		BCD4D976242B1AB900A56041 /* Build configuration list for PBXNativeTarget "SelfIsolate" */ = {
			isa = XCConfigurationList;
			buildConfigurations = (
				BCD4D977242B1AB900A56041 /* Debug */,
				BCD4D978242B1AB900A56041 /* Release */,
			);
			defaultConfigurationIsVisible = 0;
			defaultConfigurationName = Release;
		};
		BCD4D979242B1AB900A56041 /* Build configuration list for PBXNativeTarget "SelfIsolateTests" */ = {
			isa = XCConfigurationList;
			buildConfigurations = (
				BCD4D97A242B1AB900A56041 /* Debug */,
				BCD4D97B242B1AB900A56041 /* Release */,
			);
			defaultConfigurationIsVisible = 0;
			defaultConfigurationName = Release;
		};
/* End XCConfigurationList section */
	};
	rootObject = BCD4D94F242B1AB600A56041 /* Project object */;
}
